
Microsoft Visual Studio Solution File, Format Version 12.00
# Visual Studio 15
VisualStudioVersion = 15.0.27428.2037
MinimumVisualStudioVersion = 10.0.40219.1
Project("{FAE04EC0-301F-11D3-BF4B-00C04F79EFBC}") = "ClassGenerator", "ClassGenerator.csproj", "{85C98C95-5B47-4571-8966-4CF9EDF538BB}"
EndProject
Global
	GlobalSection(SolutionConfigurationPlatforms) = preSolution
		Debug|Any CPU = Debug|Any CPU
		Release|Any CPU = Release|Any CPU
	EndGlobalSection
	GlobalSection(ProjectConfigurationPlatforms) = postSolution
		{85C98C95-5B47-4571-8966-4CF9EDF538BB}.Debug|Any CPU.ActiveCfg = Debug|Any CPU
		{85C98C95-5B47-4571-8966-4CF9EDF538BB}.Debug|Any CPU.Build.0 = Debug|Any CPU
		{85C98C95-5B47-4571-8966-4CF9EDF538BB}.Release|Any CPU.ActiveCfg = Release|Any CPU
		{85C98C95-5B47-4571-8966-4CF9EDF538BB}.Release|Any CPU.Build.0 = Release|Any CPU
	EndGlobalSection
	GlobalSection(SolutionProperties) = preSolution
		HideSolutionNode = FALSE
	EndGlobalSection
	GlobalSection(ExtensibilityGlobals) = postSolution
		SolutionGuid = {50482404-2862-4512-83D1-4FA2769B43F3}
	EndGlobalSection
EndGlobal
